<?xml version="1.0" encoding="utf-8"?>
<Project ToolsVersion="4.0" xmlns="http://schemas.microsoft.com/developer/msbuild/2003">
  <ItemGroup>
    <Filter Include="NppPlugin">
      <UniqueIdentifier>{969579fd-10cf-4966-82fb-c5520bc33fe1}</UniqueIdentifier>
    </Filter>
    <Filter Include="NppPlugin\DockingFeature">
      <UniqueIdentifier>{146fa5ed-7f27-4606-8d17-beb070a8a252}</UniqueIdentifier>
    </Filter>
    <Filter Include="Commands">
      <UniqueIdentifier>{c2407aae-b94f-40a6-911d-5460b04e5f1a}</UniqueIdentifier>
    </Filter>
    <Filter Include="QtMfc">
      <UniqueIdentifier>{e3e2b100-9e3b-42fd-9665-9f2820b5aa45}</UniqueIdentifier>
    </Filter>
    <Filter Include="Gui">
      <UniqueIdentifier>{711ffaae-c779-41df-b31f-cb0f9eecafb7}</UniqueIdentifier>
    </Filter>
    <Filter Include="Gui\Settings">
      <UniqueIdentifier>{fd17d330-0fbe-47da-ba88-8b86ed37b91f}</UniqueIdentifier>
    </Filter>
    <Filter Include="Models">
      <UniqueIdentifier>{4e95474f-8fd5-4400-8d97-80d13c179142}</UniqueIdentifier>
    </Filter>
  </ItemGroup>
  <ItemGroup>
    <ClInclude Include="..\src\NppPlugin\menuCmdID.h">
      <Filter>NppPlugin</Filter>
    </ClInclude>
    <ClInclude Include="..\src\NppPlugin\Notepad_plus_msgs.h">
      <Filter>NppPlugin</Filter>
    </ClInclude>
    <ClInclude Include="..\src\NppPlugin\PluginDefinition.h">
      <Filter>NppPlugin</Filter>
    </ClInclude>
    <ClInclude Include="..\src\NppPlugin\PluginInterface.h">
      <Filter>NppPlugin</Filter>
    </ClInclude>
    <ClInclude Include="..\src\NppPlugin\Sci_Position.h">
      <Filter>NppPlugin</Filter>
    </ClInclude>
    <ClInclude Include="..\src\NppPlugin\Scintilla.h">
      <Filter>NppPlugin</Filter>
    </ClInclude>
    <ClInclude Include="..\src\NppPlugin\DockingFeature\Docking.h">
      <Filter>NppPlugin\DockingFeature</Filter>
    </ClInclude>
    <ClInclude Include="..\src\NppPlugin\DockingFeature\DockingDlgInterface.h">
      <Filter>NppPlugin\DockingFeature</Filter>
    </ClInclude>
    <ClInclude Include="..\src\NppPlugin\DockingFeature\dockingResource.h">
      <Filter>NppPlugin\DockingFeature</Filter>
    </ClInclude>
    <ClInclude Include="..\src\NppPlugin\DockingFeature\resource.h">
      <Filter>NppPlugin\DockingFeature</Filter>
    </ClInclude>
    <ClInclude Include="..\src\NppPlugin\DockingFeature\StaticDialog.h">
      <Filter>NppPlugin\DockingFeature</Filter>
    </ClInclude>
    <ClInclude Include="..\src\NppPlugin\DockingFeature\Window.h">
      <Filter>NppPlugin\DockingFeature</Filter>
    </ClInclude>
    <ClInclude Include="..\src\NppPlugin\NppPlugin.h">
      <Filter>NppPlugin</Filter>
    </ClInclude>
    <ClInclude Include="..\src\MapPreviewPlugin.h" />
    <ClInclude Include="..\src\Commands\CommandShowHide.h">
      <Filter>Commands</Filter>
    </ClInclude>
    <ClInclude Include="..\src\MapPreviewWindow.h" />
    <ClInclude Include="..\src\MapPreviewResources.h" />
    <ClInclude Include="..\src\Gui\MpFileTreeview.h">
      <Filter>Gui</Filter>
    </ClInclude>
    <ClInclude Include="..\src\Gui\MpInfoToolbar.h">
      <Filter>Gui</Filter>
    </ClInclude>
    <ClInclude Include="..\src\Gui\MpObjectTreeview.h">
      <Filter>Gui</Filter>
    </ClInclude>
    <ClInclude Include="..\src\Gui\Settings\MpSettingsDialog.h">
      <Filter>Gui\Settings</Filter>
    </ClInclude>
    <ClInclude Include="..\src\Gui\Settings\MpGeneralTab.h">
      <Filter>Gui\Settings</Filter>
    </ClInclude>
    <ClInclude Include="..\src\Gui\Settings\MpTabStyle.h">
      <Filter>Gui\Settings</Filter>
    </ClInclude>
    <ClInclude Include="..\src\Gui\Settings\MpViewTab.h">
      <Filter>Gui\Settings</Filter>
    </ClInclude>
    <ClInclude Include="..\src\Models\FileTreeModel.h">
      <Filter>Models</Filter>
    </ClInclude>
    <ClInclude Include="..\src\Models\TreeItem.h">
      <Filter>Models</Filter>
    </ClInclude>
    <ClInclude Include="..\src\Models\NppFilesList.h">
      <Filter>Models</Filter>
    </ClInclude>
    <ClInclude Include="..\src\NppPlugin\NppProxy.h">
      <Filter>NppPlugin</Filter>
    </ClInclude>
    <ClInclude Include="..\src\Models\FileHelper.h">
      <Filter>Models</Filter>
    </ClInclude>
    <ClInclude Include="..\src\Models\ObjectTreeModel.h">
      <Filter>Models</Filter>
    </ClInclude>
    <ClInclude Include="..\src\Models\GeoLayer.h">
      <Filter>Models</Filter>
    </ClInclude>
  </ItemGroup>
  <ItemGroup>
    <ClCompile Include="..\src\NppPlugin\NppPluginMain.cpp">
      <Filter>NppPlugin</Filter>
    </ClCompile>
    <ClCompile Include="..\src\NppPlugin\PluginDefinition.cpp">
      <Filter>NppPlugin</Filter>
    </ClCompile>
    <ClCompile Include="..\src\NppPlugin\DockingFeature\StaticDialog.cpp">
      <Filter>NppPlugin\DockingFeature</Filter>
    </ClCompile>
    <ClCompile Include="..\src\MapPreviewPlugin.cpp" />
    <ClCompile Include="..\src\Commands\CommandShowHide.cpp">
      <Filter>Commands</Filter>
    </ClCompile>
    <ClCompile Include="..\src\MapPreviewWindow.cpp" />
    <ClCompile Include="..\src\QtMfc\qmfcapp.cpp">
      <Filter>QtMfc</Filter>
    </ClCompile>
    <ClCompile Include="..\src\QtMfc\qwinhost.cpp">
      <Filter>QtMfc</Filter>
    </ClCompile>
    <ClCompile Include="..\src\QtMfc\qwinwidget.cpp">
      <Filter>QtMfc</Filter>
    </ClCompile>
    <ClCompile Include="..\src\QtMfc\moc_qmfcapp.cpp">
      <Filter>QtMfc</Filter>
    </ClCompile>
    <ClCompile Include="..\src\QtMfc\moc_qwinhost.cpp">
      <Filter>QtMfc</Filter>
    </ClCompile>
    <ClCompile Include="..\src\QtMfc\moc_qwinwidget.cpp">
      <Filter>QtMfc</Filter>
    </ClCompile>
    <ClCompile Include="..\src\Gui\MpMainWindow.cpp">
      <Filter>Gui</Filter>
    </ClCompile>
    <ClCompile Include="..\src\Gui\MpFileTreeview.cpp">
      <Filter>Gui</Filter>
    </ClCompile>
    <ClCompile Include="..\src\Gui\MpMainToolbar.cpp">
      <Filter>Gui</Filter>
    </ClCompile>
    <ClCompile Include="..\src\Gui\MpInfoToolbar.cpp">
      <Filter>Gui</Filter>
    </ClCompile>
    <ClCompile Include="..\src\Gui\MpObjectTreeview.cpp">
      <Filter>Gui</Filter>
    </ClCompile>
    <ClCompile Include="..\src\Gui\moc_MpMainToolbar.cpp">
      <Filter>Gui</Filter>
    </ClCompile>
    <ClCompile Include="..\src\Gui\Settings\MpSettingsDialog.cpp">
      <Filter>Gui\Settings</Filter>
    </ClCompile>
    <ClCompile Include="..\src\Gui\Settings\MpGeneralTab.cpp">
      <Filter>Gui\Settings</Filter>
    </ClCompile>
    <ClCompile Include="..\src\Gui\Settings\MpViewTab.cpp">
      <Filter>Gui\Settings</Filter>
    </ClCompile>
    <ClCompile Include="..\src\Gui\moc_MpMainWindow.cpp">
      <Filter>Gui</Filter>
    </ClCompile>
    <ClCompile Include="..\src\Models\FileTreeModel.cpp">
      <Filter>Models</Filter>
    </ClCompile>
    <ClCompile Include="..\src\Models\TreeItem.cpp">
      <Filter>Models</Filter>
    </ClCompile>
    <ClCompile Include="..\src\Gui\MpFileTvToolbar.cpp">
      <Filter>Gui</Filter>
    </ClCompile>
    <ClCompile Include="..\src\Gui\MpFileAddWindow.cpp">
      <Filter>Gui</Filter>
    </ClCompile>
    <ClCompile Include="..\src\Gui\moc_MpFileTvToolbar.cpp">
      <Filter>Gui</Filter>
    </ClCompile>
    <ClCompile Include="..\src\Gui\moc_MpFileAddWindow.cpp">
      <Filter>Gui</Filter>
    </ClCompile>
    <ClCompile Include="..\src\Models\NppFilesList.cpp">
      <Filter>Models</Filter>
    </ClCompile>
    <ClCompile Include="..\src\NppPlugin\NppProxy.cpp">
      <Filter>NppPlugin</Filter>
    </ClCompile>
    <ClCompile Include="..\src\Models\FileHelper.cpp">
      <Filter>Models</Filter>
    </ClCompile>
    <ClCompile Include="..\src\Models\ObjectTreeModel.cpp">
      <Filter>Models</Filter>
    </ClCompile>
    <ClCompile Include="..\src\Models\GeoLayer.cpp">
      <Filter>Models</Filter>
    </ClCompile>
  </ItemGroup>
  <ItemGroup>
    <ResourceCompile Include="..\src\NppPlugin\NppPluginMain.rc">
      <Filter>NppPlugin</Filter>
    </ResourceCompile>
    <ResourceCompile Include="..\src\MapPreviewWindow.rc" />
  </ItemGroup>
  <ItemGroup>
    <CustomBuild Include="..\src\QtMfc\qmfcapp.h">
      <Filter>QtMfc</Filter>
    </CustomBuild>
    <CustomBuild Include="..\src\QtMfc\qwinhost.h">
      <Filter>QtMfc</Filter>
    </CustomBuild>
    <CustomBuild Include="..\src\QtMfc\qwinwidget.h">
      <Filter>QtMfc</Filter>
    </CustomBuild>
    <CustomBuild Include="..\src\Gui\MpMainToolbar.h">
      <Filter>Gui</Filter>
    </CustomBuild>
    <CustomBuild Include="..\src\Gui\MpMainWindow.h">
      <Filter>Gui</Filter>
    </CustomBuild>
    <CustomBuild Include="..\src\Gui\MpFileTvToolbar.h">
      <Filter>Gui</Filter>
    </CustomBuild>
    <CustomBuild Include="..\src\Gui\MpFileAddWindow.h">
      <Filter>Gui</Filter>
    </CustomBuild>
  </ItemGroup>
</Project>